
Microsoft Visual Studio Solution File, Format Version 12.00
# Visual Studio Version 17
VisualStudioVersion = 17.5.33627.172
MinimumVisualStudioVersion = 10.0.40219.1
Project("{FAE04EC0-301F-11D3-BF4B-00C04F79EFBC}") = "3 nume", "3 nume.csproj", "{FFAA9722-8FFB-4E91-9114-85F659639A61}"
EndProject
Global
	GlobalSection(SolutionConfigurationPlatforms) = preSolution
		Debug|Any CPU = Debug|Any CPU
		Release|Any CPU = Release|Any CPU
	EndGlobalSection
	GlobalSection(ProjectConfigurationPlatforms) = postSolution
		{FFAA9722-8FFB-4E91-9114-85F659639A61}.Debug|Any CPU.ActiveCfg = Debug|Any CPU
		{FFAA9722-8FFB-4E91-9114-85F659639A61}.Debug|Any CPU.Build.0 = Debug|Any CPU
		{FFAA9722-8FFB-4E91-9114-85F659639A61}.Release|Any CPU.ActiveCfg = Release|Any CPU
		{FFAA9722-8FFB-4E91-9114-85F659639A61}.Release|Any CPU.Build.0 = Release|Any CPU
	EndGlobalSection
	GlobalSection(SolutionProperties) = preSolution
		HideSolutionNode = FALSE
	EndGlobalSection
	GlobalSection(ExtensibilityGlobals) = postSolution
		SolutionGuid = {808A5934-259E-4941-B9DF-1AA0B718BC29}
	EndGlobalSection
EndGlobal
